{
  "version": 4,
  "terraform_version": "1.1.7",
  "serial": 99,
  "lineage": "13c9ed24-6330-b178-d736-d657a48c10e4",
  "outputs": {},
  "resources": [
    {
      "mode": "data",
      "type": "google_compute_network",
      "name": "my-network",
      "provider": "provider[\"registry.terraform.io/hashicorp/google\"]",
      "instances": [
        {
          "schema_version": 0,
          "attributes": {
            "description": "Default network for the project",
            "gateway_ipv4": "",
            "id": "projects/dev-project-344105/global/networks/default",
            "name": "default",
            "project": null,
            "self_link": "https://www.googleapis.com/compute/v1/projects/dev-project-344105/global/networks/default",
            "subnetworks_self_links": [
              "https://www.googleapis.com/compute/v1/projects/dev-project-344105/regions/asia-northeast3/subnetworks/default",
              "https://www.googleapis.com/compute/v1/projects/dev-project-344105/regions/asia-southeast2/subnetworks/default",
              "https://www.googleapis.com/compute/v1/projects/dev-project-344105/regions/asia-east1/subnetworks/default",
              "https://www.googleapis.com/compute/v1/projects/dev-project-344105/regions/europe-west1/subnetworks/default",
              "https://www.googleapis.com/compute/v1/projects/dev-project-344105/regions/southamerica-east1/subnetworks/default",
              "https://www.googleapis.com/compute/v1/projects/dev-project-344105/regions/europe-west4/subnetworks/default",
              "https://www.googleapis.com/compute/v1/projects/dev-project-344105/regions/europe-west2/subnetworks/default",
              "https://www.googleapis.com/compute/v1/projects/dev-project-344105/regions/asia-south1/subnetworks/default",
              "https://www.googleapis.com/compute/v1/projects/dev-project-344105/regions/asia-east2/subnetworks/default",
              "https://www.googleapis.com/compute/v1/projects/dev-project-344105/regions/us-west1/subnetworks/default",
              "https://www.googleapis.com/compute/v1/projects/dev-project-344105/regions/us-west4/subnetworks/default",
              "https://www.googleapis.com/compute/v1/projects/dev-project-344105/regions/asia-northeast2/subnetworks/default",
              "https://www.googleapis.com/compute/v1/projects/dev-project-344105/regions/europe-west8/subnetworks/default",
              "https://www.googleapis.com/compute/v1/projects/dev-project-344105/regions/australia-southeast1/subnetworks/default",
              "https://www.googleapis.com/compute/v1/projects/dev-project-344105/regions/europe-west6/subnetworks/default",
              "https://www.googleapis.com/compute/v1/projects/dev-project-344105/regions/us-east7/subnetworks/default",
              "https://www.googleapis.com/compute/v1/projects/dev-project-344105/regions/europe-central2/subnetworks/default",
              "https://www.googleapis.com/compute/v1/projects/dev-project-344105/regions/australia-southeast2/subnetworks/default",
              "https://www.googleapis.com/compute/v1/projects/dev-project-344105/regions/us-east1/subnetworks/default",
              "https://www.googleapis.com/compute/v1/projects/dev-project-344105/regions/southamerica-west1/subnetworks/default",
              "https://www.googleapis.com/compute/v1/projects/dev-project-344105/regions/us-west2/subnetworks/default",
              "https://www.googleapis.com/compute/v1/projects/dev-project-344105/regions/asia-southeast1/subnetworks/default",
              "https://www.googleapis.com/compute/v1/projects/dev-project-344105/regions/europe-west3/subnetworks/default",
              "https://www.googleapis.com/compute/v1/projects/dev-project-344105/regions/asia-northeast1/subnetworks/default",
              "https://www.googleapis.com/compute/v1/projects/dev-project-344105/regions/europe-north1/subnetworks/default",
              "https://www.googleapis.com/compute/v1/projects/dev-project-344105/regions/northamerica-northeast1/subnetworks/default",
              "https://www.googleapis.com/compute/v1/projects/dev-project-344105/regions/us-central1/subnetworks/default",
              "https://www.googleapis.com/compute/v1/projects/dev-project-344105/regions/us-east4/subnetworks/default",
              "https://www.googleapis.com/compute/v1/projects/dev-project-344105/regions/asia-south2/subnetworks/default",
              "https://www.googleapis.com/compute/v1/projects/dev-project-344105/regions/us-west3/subnetworks/default",
              "https://www.googleapis.com/compute/v1/projects/dev-project-344105/regions/europe-west9/subnetworks/default",
              "https://www.googleapis.com/compute/v1/projects/dev-project-344105/regions/northamerica-northeast2/subnetworks/default"
            ]
          },
          "sensitive_attributes": []
        }
      ]
    },
    {
      "mode": "managed",
      "type": "google_compute_firewall",
      "name": "default",
      "provider": "provider[\"registry.terraform.io/hashicorp/google\"]",
      "instances": [
        {
          "schema_version": 1,
          "attributes": {
            "allow": [
              {
                "ports": [
                  "80",
                  "8080",
                  "1000-2000"
                ],
                "protocol": "tcp"
              }
            ],
            "creation_timestamp": "2022-03-17T03:37:44.405-07:00",
            "deny": [],
            "description": "",
            "destination_ranges": [],
            "direction": "INGRESS",
            "disabled": false,
            "enable_logging": null,
            "id": "projects/dev-project-344105/global/firewalls/allow-http",
            "log_config": [],
            "name": "allow-http",
            "network": "https://www.googleapis.com/compute/v1/projects/dev-project-344105/global/networks/default",
            "priority": 1000,
            "project": "dev-project-344105",
            "self_link": "https://www.googleapis.com/compute/v1/projects/dev-project-344105/global/firewalls/allow-http",
            "source_ranges": [
              "0.0.0.0/0"
            ],
            "source_service_accounts": [],
            "source_tags": [],
            "target_service_accounts": [],
            "target_tags": [],
            "timeouts": null
          },
          "sensitive_attributes": [],
          "private": "eyJlMmJmYjczMC1lY2FhLTExZTYtOGY4OC0zNDM2M2JjN2M0YzAiOnsiY3JlYXRlIjoxMjAwMDAwMDAwMDAwLCJkZWxldGUiOjEyMDAwMDAwMDAwMDAsInVwZGF0ZSI6MTIwMDAwMDAwMDAwMH0sInNjaGVtYV92ZXJzaW9uIjoiMSJ9",
          "dependencies": [
            "data.google_compute_network.my-network"
          ]
        }
      ]
    },
    {
      "mode": "managed",
      "type": "google_compute_health_check",
      "name": "autohealing",
      "provider": "provider[\"registry.terraform.io/hashicorp/google\"]",
      "instances": [
        {
          "schema_version": 0,
          "attributes": {
            "check_interval_sec": 5,
            "creation_timestamp": "2022-03-17T03:37:44.381-07:00",
            "description": "",
            "grpc_health_check": [],
            "healthy_threshold": 2,
            "http2_health_check": [],
            "http_health_check": [
              {
                "host": "",
                "port": 80,
                "port_name": "",
                "port_specification": "",
                "proxy_header": "NONE",
                "request_path": "/",
                "response": ""
              }
            ],
            "https_health_check": [],
            "id": "projects/dev-project-344105/global/healthChecks/autohealing-health-check",
            "log_config": [
              {
                "enable": false
              }
            ],
            "name": "autohealing-health-check",
            "project": "dev-project-344105",
            "self_link": "https://www.googleapis.com/compute/v1/projects/dev-project-344105/global/healthChecks/autohealing-health-check",
            "ssl_health_check": [],
            "tcp_health_check": [],
            "timeout_sec": 5,
            "timeouts": null,
            "type": "HTTP",
            "unhealthy_threshold": 10
          },
          "sensitive_attributes": [],
          "private": "eyJlMmJmYjczMC1lY2FhLTExZTYtOGY4OC0zNDM2M2JjN2M0YzAiOnsiY3JlYXRlIjoxMjAwMDAwMDAwMDAwLCJkZWxldGUiOjEyMDAwMDAwMDAwMDAsInVwZGF0ZSI6MTIwMDAwMDAwMDAwMH19"
        }
      ]
    },
    {
      "mode": "managed",
      "type": "google_compute_instance_group_manager",
      "name": "appserver",
      "provider": "provider[\"registry.terraform.io/hashicorp/google\"]",
      "instances": [
        {
          "schema_version": 0,
          "attributes": {
            "auto_healing_policies": [
              {
                "health_check": "https://www.googleapis.com/compute/v1/projects/dev-project-344105/global/healthChecks/autohealing-health-check",
                "initial_delay_sec": 300
              }
            ],
            "base_instance_name": "instance-template-2",
            "description": "",
            "fingerprint": "0gpHryzEidc=",
            "id": "projects/dev-project-344105/zones/us-central1-a/instanceGroupManagers/instance-template-2-group-manager",
            "instance_group": "https://www.googleapis.com/compute/v1/projects/dev-project-344105/zones/us-central1-a/instanceGroups/instance-template-2-group-manager",
            "name": "instance-template-2-group-manager",
            "named_port": [
              {
                "name": "customhttp",
                "port": 80
              }
            ],
            "operation": null,
            "project": "dev-project-344105",
            "self_link": "https://www.googleapis.com/compute/v1/projects/dev-project-344105/zones/us-central1-a/instanceGroupManagers/instance-template-2-group-manager",
            "stateful_disk": [],
            "status": [
              {
                "is_stable": false,
                "stateful": [
                  {
                    "has_stateful_config": false,
                    "per_instance_configs": [
                      {
                        "all_effective": true
                      }
                    ]
                  }
                ],
                "version_target": [
                  {
                    "is_reached": true
                  }
                ]
              }
            ],
            "target_pools": null,
            "target_size": 2,
            "timeouts": null,
            "update_policy": [
              {
                "max_surge_fixed": 1,
                "max_surge_percent": 0,
                "max_unavailable_fixed": 1,
                "max_unavailable_percent": 0,
                "minimal_action": "REPLACE",
                "replacement_method": "SUBSTITUTE",
                "type": "OPPORTUNISTIC"
              }
            ],
            "version": [
              {
                "instance_template": "https://www.googleapis.com/compute/v1/projects/dev-project-344105/global/instanceTemplates/instance-template-2",
                "name": "",
                "target_size": []
              }
            ],
            "wait_for_instances": false,
            "wait_for_instances_status": "STABLE",
            "zone": "us-central1-a"
          },
          "sensitive_attributes": [],
          "private": "eyJlMmJmYjczMC1lY2FhLTExZTYtOGY4OC0zNDM2M2JjN2M0YzAiOnsiY3JlYXRlIjo5MDAwMDAwMDAwMDAsImRlbGV0ZSI6OTAwMDAwMDAwMDAwLCJ1cGRhdGUiOjkwMDAwMDAwMDAwMH19",
          "dependencies": [
            "google_compute_health_check.autohealing",
            "google_compute_instance_template.default"
          ]
        }
      ]
    },
    {
      "mode": "managed",
      "type": "google_compute_instance_template",
      "name": "default",
      "provider": "provider[\"registry.terraform.io/hashicorp/google\"]",
      "instances": [
        {
          "schema_version": 1,
          "attributes": {
            "advanced_machine_features": [],
            "can_ip_forward": false,
            "confidential_instance_config": [],
            "description": "This template is used to create app server instances.",
            "disk": [
              {
                "auto_delete": true,
                "boot": true,
                "device_name": "persistent-disk-0",
                "disk_encryption_key": [],
                "disk_name": "",
                "disk_size_gb": 0,
                "disk_type": "pd-standard",
                "interface": "SCSI",
                "labels": {},
                "mode": "READ_WRITE",
                "resource_policies": [
                  "every-day-4am"
                ],
                "source": "",
                "source_image": "projects/debian-cloud/global/images/family/debian-9",
                "type": "PERSISTENT"
              }
            ],
            "guest_accelerator": [],
            "id": "projects/dev-project-344105/global/instanceTemplates/instance-template-2",
            "instance_description": "description assigned to instances",
            "labels": {
              "environment": "dev"
            },
            "machine_type": "e2-medium",
            "metadata": {
              "foo": "bar",
              "startup-script": "sudo apt-get update \u0026\u0026 sudo apt-get install -y nginx"
            },
            "metadata_fingerprint": "0mLlwsSFELg=",
            "metadata_startup_script": null,
            "min_cpu_platform": "",
            "name": "instance-template-2",
            "name_prefix": null,
            "network_interface": [
              {
                "access_config": [
                  {
                    "nat_ip": "",
                    "network_tier": "PREMIUM",
                    "public_ptr_domain_name": ""
                  }
                ],
                "alias_ip_range": [],
                "ipv6_access_config": [],
                "ipv6_access_type": "",
                "name": "nic0",
                "network": "https://www.googleapis.com/compute/v1/projects/dev-project-344105/global/networks/default",
                "network_ip": "",
                "nic_type": "",
                "queue_count": 0,
                "stack_type": "",
                "subnetwork": "",
                "subnetwork_project": ""
              }
            ],
            "project": "dev-project-344105",
            "region": null,
            "reservation_affinity": [],
            "scheduling": [
              {
                "automatic_restart": true,
                "min_node_cpus": 0,
                "node_affinities": [],
                "on_host_maintenance": "MIGRATE",
                "preemptible": false
              }
            ],
            "self_link": "https://www.googleapis.com/compute/v1/projects/dev-project-344105/global/instanceTemplates/instance-template-2",
            "service_account": [
              {
                "email": "service-account-id@dev-project-344105.iam.gserviceaccount.com",
                "scopes": [
                  "https://www.googleapis.com/auth/cloud-platform"
                ]
              }
            ],
            "shielded_instance_config": [],
            "tags": [
              "bar",
              "foo"
            ],
            "tags_fingerprint": "",
            "timeouts": null
          },
          "sensitive_attributes": [],
          "private": "eyJlMmJmYjczMC1lY2FhLTExZTYtOGY4OC0zNDM2M2JjN2M0YzAiOnsiY3JlYXRlIjoyNDAwMDAwMDAwMDAsImRlbGV0ZSI6MjQwMDAwMDAwMDAwfSwic2NoZW1hX3ZlcnNpb24iOiIxIn0=",
          "dependencies": [
            "google_compute_resource_policy.daily_backup",
            "google_service_account.default"
          ],
          "create_before_destroy": true
        }
      ]
    },
    {
      "mode": "managed",
      "type": "google_compute_resource_policy",
      "name": "daily_backup",
      "provider": "provider[\"registry.terraform.io/hashicorp/google\"]",
      "instances": [
        {
          "schema_version": 0,
          "attributes": {
            "description": "",
            "group_placement_policy": [],
            "id": "projects/dev-project-344105/regions/us-central1/resourcePolicies/every-day-4am",
            "instance_schedule_policy": [],
            "name": "every-day-4am",
            "project": "dev-project-344105",
            "region": "https://www.googleapis.com/compute/v1/projects/dev-project-344105/regions/us-central1",
            "self_link": "https://www.googleapis.com/compute/v1/projects/dev-project-344105/regions/us-central1/resourcePolicies/every-day-4am",
            "snapshot_schedule_policy": [
              {
                "retention_policy": [],
                "schedule": [
                  {
                    "daily_schedule": [
                      {
                        "days_in_cycle": 1,
                        "start_time": "04:00"
                      }
                    ],
                    "hourly_schedule": [],
                    "weekly_schedule": []
                  }
                ],
                "snapshot_properties": []
              }
            ],
            "timeouts": null
          },
          "sensitive_attributes": [],
          "private": "eyJlMmJmYjczMC1lY2FhLTExZTYtOGY4OC0zNDM2M2JjN2M0YzAiOnsiY3JlYXRlIjoxMjAwMDAwMDAwMDAwLCJkZWxldGUiOjEyMDAwMDAwMDAwMDB9fQ==",
          "create_before_destroy": true
        }
      ]
    },
    {
      "mode": "managed",
      "type": "google_service_account",
      "name": "default",
      "provider": "provider[\"registry.terraform.io/hashicorp/google\"]",
      "instances": [
        {
          "schema_version": 0,
          "attributes": {
            "account_id": "service-account-id",
            "description": "",
            "disabled": false,
            "display_name": "Service Account",
            "email": "service-account-id@dev-project-344105.iam.gserviceaccount.com",
            "id": "projects/dev-project-344105/serviceAccounts/service-account-id@dev-project-344105.iam.gserviceaccount.com",
            "name": "projects/dev-project-344105/serviceAccounts/service-account-id@dev-project-344105.iam.gserviceaccount.com",
            "project": "dev-project-344105",
            "timeouts": null,
            "unique_id": "111808376536523671499"
          },
          "sensitive_attributes": [],
          "private": "eyJlMmJmYjczMC1lY2FhLTExZTYtOGY4OC0zNDM2M2JjN2M0YzAiOnsiY3JlYXRlIjozMDAwMDAwMDAwMDB9fQ==",
          "create_before_destroy": true
        }
      ]
    }
  ]
}
